
Microsoft Visual Studio Solution File, Format Version 12.00
# Visual Studio Version 16
VisualStudioVersion = 16.0.30523.141
MinimumVisualStudioVersion = 10.0.40219.1
Project("{FAE04EC0-301F-11D3-BF4B-00C04F79EFBC}") = "ConsoleApp", "ConsoleApp\ConsoleApp.csproj", "{38D5F858-1F51-4BAF-ADEE-A7248F0AD51A}"
EndProject
Global
	GlobalSection(SolutionConfigurationPlatforms) = preSolution
		Debug|Any CPU = Debug|Any CPU
		Release|Any CPU = Release|Any CPU
	EndGlobalSection
	GlobalSection(ProjectConfigurationPlatforms) = postSolution
		{38D5F858-1F51-4BAF-ADEE-A7248F0AD51A}.Debug|Any CPU.ActiveCfg = Debug|Any CPU
		{38D5F858-1F51-4BAF-ADEE-A7248F0AD51A}.Debug|Any CPU.Build.0 = Debug|Any CPU
		{38D5F858-1F51-4BAF-ADEE-A7248F0AD51A}.Release|Any CPU.ActiveCfg = Release|Any CPU
		{38D5F858-1F51-4BAF-ADEE-A7248F0AD51A}.Release|Any CPU.Build.0 = Release|Any CPU
	EndGlobalSection
	GlobalSection(SolutionProperties) = preSolution
		HideSolutionNode = FALSE
	EndGlobalSection
	GlobalSection(ExtensibilityGlobals) = postSolution
		SolutionGuid = {78CDF9F8-9BEF-4F81-88E3-DC6DE2206E74}
	EndGlobalSection
EndGlobal
